// !$*UTF8*$!
{
	archiveVersion = 1;
	classes = {
	};
	objectVersion = 46;
	objects = {

/* Begin PBXBuildFile section */
		CF0E7F9C15A6FBB20070F5D9 /* btnPlay.png in Resources */ = {isa = PBXBuildFile; fileRef = CF0E7F9A15A6FBB20070F5D9 /* btnPlay.png */; };
		CF0E7F9D15A6FBB20070F5D9 /* btnReject.png in Resources */ = {isa = PBXBuildFile; fileRef = CF0E7F9B15A6FBB20070F5D9 /* btnReject.png */; };
		CF0E7F9F15A6FBD60070F5D9 /* btnAccept.png in Resources */ = {isa = PBXBuildFile; fileRef = CF0E7F9E15A6FBD60070F5D9 /* btnAccept.png */; };
		CF1DE46315A17A4900D82808 /* btn_fbconnect_normal.png in Resources */ = {isa = PBXBuildFile; fileRef = CF1DE46115A17A4900D82808 /* btn_fbconnect_normal.png */; };
		CF1DE46415A17A4900D82808 /* btn_fbconnect_pushed.png in Resources */ = {isa = PBXBuildFile; fileRef = CF1DE46215A17A4900D82808 /* btn_fbconnect_pushed.png */; };
		CF4D29CB1585C2A40035D95E /* ChallengeCenter.m in Sources */ = {isa = PBXBuildFile; fileRef = CF4D29CA1585C2A40035D95E /* ChallengeCenter.m */; };
		CF55A1891575D6B40055F5CA /* Security.framework in Frameworks */ = {isa = PBXBuildFile; fileRef = CF55A1881575D6B40055F5CA /* Security.framework */; };
		CF55A18B1575D6EB0055F5CA /* libz.dylib in Frameworks */ = {isa = PBXBuildFile; fileRef = CF55A18A1575D6EB0055F5CA /* libz.dylib */; };
		CF55A18D1575D6FE0055F5CA /* libsqlite3.0.dylib in Frameworks */ = {isa = PBXBuildFile; fileRef = CF55A18C1575D6FE0055F5CA /* libsqlite3.0.dylib */; };
		CF55A18F1575D7120055F5CA /* MobileCoreServices.framework in Frameworks */ = {isa = PBXBuildFile; fileRef = CF55A18E1575D7120055F5CA /* MobileCoreServices.framework */; };
		CF55A1911575D71C0055F5CA /* SystemConfiguration.framework in Frameworks */ = {isa = PBXBuildFile; fileRef = CF55A1901575D71C0055F5CA /* SystemConfiguration.framework */; };
		CF55A1931575D7240055F5CA /* CFNetwork.framework in Frameworks */ = {isa = PBXBuildFile; fileRef = CF55A1921575D7240055F5CA /* CFNetwork.framework */; };
		CF55A1951575D72D0055F5CA /* MessageUI.framework in Frameworks */ = {isa = PBXBuildFile; fileRef = CF55A1941575D72D0055F5CA /* MessageUI.framework */; };
		CF55A1971575D7360055F5CA /* QuartzCore.framework in Frameworks */ = {isa = PBXBuildFile; fileRef = CF55A1961575D7360055F5CA /* QuartzCore.framework */; };
		CF73533415A15CA200884234 /* ChallengeNavStage.m in Sources */ = {isa = PBXBuildFile; fileRef = CF73533315A15CA200884234 /* ChallengeNavStage.m */; };
		CF743C7315A2E57900306D99 /* close@2x.png in Resources */ = {isa = PBXBuildFile; fileRef = CF743C7215A2E57900306D99 /* close@2x.png */; };
		CF743C7515A2E8CD00306D99 /* eye.png in Resources */ = {isa = PBXBuildFile; fileRef = CF743C7415A2E8CD00306D99 /* eye.png */; };
		CF743C7815A2F2BF00306D99 /* Utility.m in Sources */ = {isa = PBXBuildFile; fileRef = CF743C7715A2F2BF00306D99 /* Utility.m */; };
		CF743C8615A30E3F00306D99 /* ChallengeHistory.m in Sources */ = {isa = PBXBuildFile; fileRef = CF743C8415A30E3E00306D99 /* ChallengeHistory.m */; };
		CF743C8715A30E3F00306D99 /* ChallengeHistory.xib in Resources */ = {isa = PBXBuildFile; fileRef = CF743C8515A30E3E00306D99 /* ChallengeHistory.xib */; };
		CF773B7415A5441600656807 /* ChallengeWin.m in Sources */ = {isa = PBXBuildFile; fileRef = CF773B7215A5441600656807 /* ChallengeWin.m */; };
		CF773B7515A5441600656807 /* ChallengeWin.xib in Resources */ = {isa = PBXBuildFile; fileRef = CF773B7315A5441600656807 /* ChallengeWin.xib */; };
		CF773B7A15A5442B00656807 /* ChallengeLose.m in Sources */ = {isa = PBXBuildFile; fileRef = CF773B7815A5442B00656807 /* ChallengeLose.m */; };
		CF773B7B15A5442B00656807 /* ChallengeLose.xib in Resources */ = {isa = PBXBuildFile; fileRef = CF773B7915A5442B00656807 /* ChallengeLose.xib */; };
		CF773B8015A544A400656807 /* btn_facebook_normal.png in Resources */ = {isa = PBXBuildFile; fileRef = CF773B7C15A544A400656807 /* btn_facebook_normal.png */; };
		CF773B8115A544A400656807 /* btn_facebook_pushed.png in Resources */ = {isa = PBXBuildFile; fileRef = CF773B7D15A544A400656807 /* btn_facebook_pushed.png */; };
		CF773B8215A544A400656807 /* btn_twitter_normal.png in Resources */ = {isa = PBXBuildFile; fileRef = CF773B7E15A544A400656807 /* btn_twitter_normal.png */; };
		CF773B8315A544A400656807 /* btn_twitter_pushed.png in Resources */ = {isa = PBXBuildFile; fileRef = CF773B7F15A544A400656807 /* btn_twitter_pushed.png */; };
		CF773B8A15A5457000656807 /* wgt_stef_failed.png in Resources */ = {isa = PBXBuildFile; fileRef = CF773B8815A5457000656807 /* wgt_stef_failed.png */; };
		CF773B8B15A5457000656807 /* wgt_stef_succeed.png in Resources */ = {isa = PBXBuildFile; fileRef = CF773B8915A5457000656807 /* wgt_stef_succeed.png */; };
		CF773B8E15A5476000656807 /* btn_ok_normal.png in Resources */ = {isa = PBXBuildFile; fileRef = CF773B8C15A5476000656807 /* btn_ok_normal.png */; };
		CF773B8F15A5476000656807 /* btn_ok_pushed.png in Resources */ = {isa = PBXBuildFile; fileRef = CF773B8D15A5476000656807 /* btn_ok_pushed.png */; };
		CF788CA115A44C16006F4CBC /* ok_1.png in Resources */ = {isa = PBXBuildFile; fileRef = CF788C9F15A44C16006F4CBC /* ok_1.png */; };
		CF788CA215A44C16006F4CBC /* ok_2.png in Resources */ = {isa = PBXBuildFile; fileRef = CF788CA015A44C16006F4CBC /* ok_2.png */; };
		CF788CA415A454C5006F4CBC /* paper.png in Resources */ = {isa = PBXBuildFile; fileRef = CF788CA315A454C5006F4CBC /* paper.png */; };
		CF78A1E31581F84C00F7AD77 /* GlobalWork.m in Sources */ = {isa = PBXBuildFile; fileRef = CF78A1E21581F84C00F7AD77 /* GlobalWork.m */; };
		CF78A1E81582008400F7AD77 /* ChallengeEndStage.m in Sources */ = {isa = PBXBuildFile; fileRef = CF78A1E61582008400F7AD77 /* ChallengeEndStage.m */; };
		CF78A1E91582008400F7AD77 /* ChallengeEndStage.xib in Resources */ = {isa = PBXBuildFile; fileRef = CF78A1E71582008400F7AD77 /* ChallengeEndStage.xib */; };
		CF7BB025158082C4004276AF /* icon_free_57.png in Resources */ = {isa = PBXBuildFile; fileRef = CF7BB024158082C4004276AF /* icon_free_57.png */; };
		CF7BB0731580B620004276AF /* close.png in Resources */ = {isa = PBXBuildFile; fileRef = CF7BB0721580B620004276AF /* close.png */; };
		CF7BB349157C705900E4EBEE /* GameStage.m in Sources */ = {isa = PBXBuildFile; fileRef = CF7BB347157C705900E4EBEE /* GameStage.m */; };
		CF7BB34A157C705900E4EBEE /* GameStage.xib in Resources */ = {isa = PBXBuildFile; fileRef = CF7BB348157C705900E4EBEE /* GameStage.xib */; };
		CF7BCF6A15918A130090BE5E /* NPResources_iPad_iPhone_Landscape.bundle in Resources */ = {isa = PBXBuildFile; fileRef = CF7BCF6515918A130090BE5E /* NPResources_iPad_iPhone_Landscape.bundle */; };
		CF7BCF6B15918A130090BE5E /* NPResources_iPad_iPhone_Portrait.bundle in Resources */ = {isa = PBXBuildFile; fileRef = CF7BCF6615918A130090BE5E /* NPResources_iPad_iPhone_Portrait.bundle */; };
		CF7BCF6C15918A130090BE5E /* NPResources_iPad.bundle in Resources */ = {isa = PBXBuildFile; fileRef = CF7BCF6715918A130090BE5E /* NPResources_iPad.bundle */; };
		CF7BCF6D15918A130090BE5E /* NPResources_iPhone_Landscape.bundle in Resources */ = {isa = PBXBuildFile; fileRef = CF7BCF6815918A130090BE5E /* NPResources_iPhone_Landscape.bundle */; };
		CF7BCF6E15918A130090BE5E /* NPResources_iPhone_Portrait.bundle in Resources */ = {isa = PBXBuildFile; fileRef = CF7BCF6915918A130090BE5E /* NPResources_iPhone_Portrait.bundle */; };
		CF7BCF7415918D230090BE5E /* Nextpeer.framework in Frameworks */ = {isa = PBXBuildFile; fileRef = CF7BCF7315918D230090BE5E /* Nextpeer.framework */; };
		CF7BCF7B15918DBA0090BE5E /* StoreKit.framework in Frameworks */ = {isa = PBXBuildFile; fileRef = CF7BCF7A15918DBA0090BE5E /* StoreKit.framework */; };
		CF7BFF09157737A600B51DB9 /* ICON.png in Resources */ = {isa = PBXBuildFile; fileRef = CF7BFF08157737A600B51DB9 /* ICON.png */; };
		CF7C52731575C608008F929A /* UIKit.framework in Frameworks */ = {isa = PBXBuildFile; fileRef = CF7C52721575C608008F929A /* UIKit.framework */; };
		CF7C52751575C608008F929A /* Foundation.framework in Frameworks */ = {isa = PBXBuildFile; fileRef = CF7C52741575C608008F929A /* Foundation.framework */; };
		CF7C52771575C608008F929A /* CoreGraphics.framework in Frameworks */ = {isa = PBXBuildFile; fileRef = CF7C52761575C608008F929A /* CoreGraphics.framework */; };
		CF7C527D1575C608008F929A /* InfoPlist.strings in Resources */ = {isa = PBXBuildFile; fileRef = CF7C527B1575C608008F929A /* InfoPlist.strings */; };
		CF7C527F1575C608008F929A /* main.m in Sources */ = {isa = PBXBuildFile; fileRef = CF7C527E1575C608008F929A /* main.m */; };
		CF7C52831575C608008F929A /* AppDelegate.m in Sources */ = {isa = PBXBuildFile; fileRef = CF7C52821575C608008F929A /* AppDelegate.m */; };
		CF7C52861575C608008F929A /* ViewController.m in Sources */ = {isa = PBXBuildFile; fileRef = CF7C52851575C608008F929A /* ViewController.m */; };
		CF7C52891575C608008F929A /* ViewController.xib in Resources */ = {isa = PBXBuildFile; fileRef = CF7C52871575C608008F929A /* ViewController.xib */; };
		CF7C535415ABE57900D70936 /* CustomBadge.m in Sources */ = {isa = PBXBuildFile; fileRef = CF7C535315ABE57900D70936 /* CustomBadge.m */; };
		CF7D389415AA8B3100A67260 /* btnPlayPush.png in Resources */ = {isa = PBXBuildFile; fileRef = CF7D389115AA8B3100A67260 /* btnPlayPush.png */; };
		CF7D389515AA8B3100A67260 /* btnRejectPush.png in Resources */ = {isa = PBXBuildFile; fileRef = CF7D389215AA8B3100A67260 /* btnRejectPush.png */; };
		CF7D389615AA8B3100A67260 /* btnAcceptPush.png in Resources */ = {isa = PBXBuildFile; fileRef = CF7D389315AA8B3100A67260 /* btnAcceptPush.png */; };
		CF7D389A15AA8DF600A67260 /* waitPush.png in Resources */ = {isa = PBXBuildFile; fileRef = CF7D389815AA8DF600A67260 /* waitPush.png */; };
		CF7D389B15AA8DF600A67260 /* wait.png in Resources */ = {isa = PBXBuildFile; fileRef = CF7D389915AA8DF600A67260 /* wait.png */; };
		CF7D389F15AAE0E000A67260 /* InviteFriends.m in Sources */ = {isa = PBXBuildFile; fileRef = CF7D389D15AAE0E000A67260 /* InviteFriends.m */; };
		CF7D38A015AAE0E000A67260 /* InviteFriends.xib in Resources */ = {isa = PBXBuildFile; fileRef = CF7D389E15AAE0E000A67260 /* InviteFriends.xib */; };
		CF7D38A215AAEFCB00A67260 /* bgHistory.png in Resources */ = {isa = PBXBuildFile; fileRef = CF7D38A115AAEFCB00A67260 /* bgHistory.png */; };
		CF7E51C215870FD9005FC5B3 /* ChallengeStage.m in Sources */ = {isa = PBXBuildFile; fileRef = CF7E51C015870FD9005FC5B3 /* ChallengeStage.m */; };
		CF7E51C315870FD9005FC5B3 /* ChallengeStage.xib in Resources */ = {isa = PBXBuildFile; fileRef = CF7E51C115870FD9005FC5B3 /* ChallengeStage.xib */; };
		CF80C89C157F4B5800E502D7 /* EndStage.m in Sources */ = {isa = PBXBuildFile; fileRef = CF80C89A157F4B5700E502D7 /* EndStage.m */; };
		CF80C89D157F4B5800E502D7 /* EndStage.xib in Resources */ = {isa = PBXBuildFile; fileRef = CF80C89B157F4B5700E502D7 /* EndStage.xib */; };
		CF80DF1F157DBB8800E5F2C0 /* CanvasView.m in Sources */ = {isa = PBXBuildFile; fileRef = CF80DF1E157DBB8800E5F2C0 /* CanvasView.m */; };
		CF80DF29157E062500E5F2C0 /* AudioToolbox.framework in Frameworks */ = {isa = PBXBuildFile; fileRef = CF80DF28157E062500E5F2C0 /* AudioToolbox.framework */; };
		CF80DF2B157E064F00E5F2C0 /* libz.1.1.3.dylib in Frameworks */ = {isa = PBXBuildFile; fileRef = CF80DF2A157E064F00E5F2C0 /* libz.1.1.3.dylib */; };
		CF80DF2D157E06DF00E5F2C0 /* Parse.framework in Frameworks */ = {isa = PBXBuildFile; fileRef = CF80DF2C157E06DF00E5F2C0 /* Parse.framework */; };
		CF80DF3E157E094B00E5F2C0 /* FBDialog.bundle in Resources */ = {isa = PBXBuildFile; fileRef = CF80DF31157E094B00E5F2C0 /* FBDialog.bundle */; };
		CF80DF3F157E094B00E5F2C0 /* libfacebook_ios_sdk.a in Frameworks */ = {isa = PBXBuildFile; fileRef = CF80DF37157E094B00E5F2C0 /* libfacebook_ios_sdk.a */; };
		CF80DF47157E0B9900E5F2C0 /* FacebookData.m in Sources */ = {isa = PBXBuildFile; fileRef = CF80DF41157E0B9900E5F2C0 /* FacebookData.m */; };
		CF80DF48157E0B9900E5F2C0 /* FacebookManager.m in Sources */ = {isa = PBXBuildFile; fileRef = CF80DF45157E0B9900E5F2C0 /* FacebookManager.m */; };
		CF80DF49157E0B9900E5F2C0 /* FBLeaderboard.m in Sources */ = {isa = PBXBuildFile; fileRef = CF80DF46157E0B9900E5F2C0 /* FBLeaderboard.m */; };
		CF80DF4B157E181300E5F2C0 /* Default.png in Resources */ = {isa = PBXBuildFile; fileRef = CF80DF4A157E181300E5F2C0 /* Default.png */; };
		CF81886315932BAB005F840A /* ChallengeCellView.m in Sources */ = {isa = PBXBuildFile; fileRef = CF81886215932BAB005F840A /* ChallengeCellView.m */; };
		CF81886515932BC3005F840A /* ChallengeCellView.xib in Resources */ = {isa = PBXBuildFile; fileRef = CF81886415932BC3005F840A /* ChallengeCellView.xib */; };
/* End PBXBuildFile section */

/* Begin PBXFileReference section */
		CF0E7F9A15A6FBB20070F5D9 /* btnPlay.png */ = {isa = PBXFileReference; lastKnownFileType = image.png; path = btnPlay.png; sourceTree = "<group>"; };
		CF0E7F9B15A6FBB20070F5D9 /* btnReject.png */ = {isa = PBXFileReference; lastKnownFileType = image.png; path = btnReject.png; sourceTree = "<group>"; };
		CF0E7F9E15A6FBD60070F5D9 /* btnAccept.png */ = {isa = PBXFileReference; lastKnownFileType = image.png; path = btnAccept.png; sourceTree = "<group>"; };
		CF1DE46115A17A4900D82808 /* btn_fbconnect_normal.png */ = {isa = PBXFileReference; lastKnownFileType = image.png; path = btn_fbconnect_normal.png; sourceTree = "<group>"; };
		CF1DE46215A17A4900D82808 /* btn_fbconnect_pushed.png */ = {isa = PBXFileReference; lastKnownFileType = image.png; path = btn_fbconnect_pushed.png; sourceTree = "<group>"; };
		CF4D29C91585C2A40035D95E /* ChallengeCenter.h */ = {isa = PBXFileReference; fileEncoding = 4; lastKnownFileType = sourcecode.c.h; path = ChallengeCenter.h; sourceTree = "<group>"; };
		CF4D29CA1585C2A40035D95E /* ChallengeCenter.m */ = {isa = PBXFileReference; fileEncoding = 4; lastKnownFileType = sourcecode.c.objc; path = ChallengeCenter.m; sourceTree = "<group>"; };
		CF55A1881575D6B40055F5CA /* Security.framework */ = {isa = PBXFileReference; lastKnownFileType = wrapper.framework; name = Security.framework; path = System/Library/Frameworks/Security.framework; sourceTree = SDKROOT; };
		CF55A18A1575D6EB0055F5CA /* libz.dylib */ = {isa = PBXFileReference; lastKnownFileType = "compiled.mach-o.dylib"; name = libz.dylib; path = usr/lib/libz.dylib; sourceTree = SDKROOT; };
		CF55A18C1575D6FE0055F5CA /* libsqlite3.0.dylib */ = {isa = PBXFileReference; lastKnownFileType = "compiled.mach-o.dylib"; name = libsqlite3.0.dylib; path = usr/lib/libsqlite3.0.dylib; sourceTree = SDKROOT; };
		CF55A18E1575D7120055F5CA /* MobileCoreServices.framework */ = {isa = PBXFileReference; lastKnownFileType = wrapper.framework; name = MobileCoreServices.framework; path = System/Library/Frameworks/MobileCoreServices.framework; sourceTree = SDKROOT; };
		CF55A1901575D71C0055F5CA /* SystemConfiguration.framework */ = {isa = PBXFileReference; lastKnownFileType = wrapper.framework; name = SystemConfiguration.framework; path = System/Library/Frameworks/SystemConfiguration.framework; sourceTree = SDKROOT; };
		CF55A1921575D7240055F5CA /* CFNetwork.framework */ = {isa = PBXFileReference; lastKnownFileType = wrapper.framework; name = CFNetwork.framework; path = System/Library/Frameworks/CFNetwork.framework; sourceTree = SDKROOT; };
		CF55A1941575D72D0055F5CA /* MessageUI.framework */ = {isa = PBXFileReference; lastKnownFileType = wrapper.framework; name = MessageUI.framework; path = System/Library/Frameworks/MessageUI.framework; sourceTree = SDKROOT; };
		CF55A1961575D7360055F5CA /* QuartzCore.framework */ = {isa = PBXFileReference; lastKnownFileType = wrapper.framework; name = QuartzCore.framework; path = System/Library/Frameworks/QuartzCore.framework; sourceTree = SDKROOT; };
		CF73533215A15CA200884234 /* ChallengeNavStage.h */ = {isa = PBXFileReference; fileEncoding = 4; lastKnownFileType = sourcecode.c.h; path = ChallengeNavStage.h; sourceTree = "<group>"; };
		CF73533315A15CA200884234 /* ChallengeNavStage.m */ = {isa = PBXFileReference; fileEncoding = 4; lastKnownFileType = sourcecode.c.objc; path = ChallengeNavStage.m; sourceTree = "<group>"; };
		CF743C7215A2E57900306D99 /* close@2x.png */ = {isa = PBXFileReference; lastKnownFileType = image.png; name = "close@2x.png"; path = "facebook-ios-sdk/FBDialog.bundle/images/close@2x.png"; sourceTree = "<group>"; };
		CF743C7415A2E8CD00306D99 /* eye.png */ = {isa = PBXFileReference; lastKnownFileType = image.png; path = eye.png; sourceTree = "<group>"; };
		CF743C7615A2F2BF00306D99 /* Utility.h */ = {isa = PBXFileReference; fileEncoding = 4; lastKnownFileType = sourcecode.c.h; path = Utility.h; sourceTree = "<group>"; };
		CF743C7715A2F2BF00306D99 /* Utility.m */ = {isa = PBXFileReference; fileEncoding = 4; lastKnownFileType = sourcecode.c.objc; path = Utility.m; sourceTree = "<group>"; };
		CF743C8315A30E3E00306D99 /* ChallengeHistory.h */ = {isa = PBXFileReference; fileEncoding = 4; lastKnownFileType = sourcecode.c.h; path = ChallengeHistory.h; sourceTree = "<group>"; };
		CF743C8415A30E3E00306D99 /* ChallengeHistory.m */ = {isa = PBXFileReference; fileEncoding = 4; lastKnownFileType = sourcecode.c.objc; path = ChallengeHistory.m; sourceTree = "<group>"; };
		CF743C8515A30E3E00306D99 /* ChallengeHistory.xib */ = {isa = PBXFileReference; fileEncoding = 4; lastKnownFileType = file.xib; path = ChallengeHistory.xib; sourceTree = "<group>"; };
		CF773B7115A5441600656807 /* ChallengeWin.h */ = {isa = PBXFileReference; fileEncoding = 4; lastKnownFileType = sourcecode.c.h; path = ChallengeWin.h; sourceTree = "<group>"; };
		CF773B7215A5441600656807 /* ChallengeWin.m */ = {isa = PBXFileReference; fileEncoding = 4; lastKnownFileType = sourcecode.c.objc; path = ChallengeWin.m; sourceTree = "<group>"; };
		CF773B7315A5441600656807 /* ChallengeWin.xib */ = {isa = PBXFileReference; fileEncoding = 4; lastKnownFileType = file.xib; path = ChallengeWin.xib; sourceTree = "<group>"; };
		CF773B7715A5442B00656807 /* ChallengeLose.h */ = {isa = PBXFileReference; fileEncoding = 4; lastKnownFileType = sourcecode.c.h; path = ChallengeLose.h; sourceTree = "<group>"; };
		CF773B7815A5442B00656807 /* ChallengeLose.m */ = {isa = PBXFileReference; fileEncoding = 4; lastKnownFileType = sourcecode.c.objc; path = ChallengeLose.m; sourceTree = "<group>"; };
		CF773B7915A5442B00656807 /* ChallengeLose.xib */ = {isa = PBXFileReference; fileEncoding = 4; lastKnownFileType = file.xib; path = ChallengeLose.xib; sourceTree = "<group>"; };
		CF773B7C15A544A400656807 /* btn_facebook_normal.png */ = {isa = PBXFileReference; lastKnownFileType = image.png; path = btn_facebook_normal.png; sourceTree = "<group>"; };
		CF773B7D15A544A400656807 /* btn_facebook_pushed.png */ = {isa = PBXFileReference; lastKnownFileType = image.png; path = btn_facebook_pushed.png; sourceTree = "<group>"; };
		CF773B7E15A544A400656807 /* btn_twitter_normal.png */ = {isa = PBXFileReference; lastKnownFileType = image.png; path = btn_twitter_normal.png; sourceTree = "<group>"; };
		CF773B7F15A544A400656807 /* btn_twitter_pushed.png */ = {isa = PBXFileReference; lastKnownFileType = image.png; path = btn_twitter_pushed.png; sourceTree = "<group>"; };
		CF773B8815A5457000656807 /* wgt_stef_failed.png */ = {isa = PBXFileReference; lastKnownFileType = image.png; path = wgt_stef_failed.png; sourceTree = "<group>"; };
		CF773B8915A5457000656807 /* wgt_stef_succeed.png */ = {isa = PBXFileReference; lastKnownFileType = image.png; path = wgt_stef_succeed.png; sourceTree = "<group>"; };
		CF773B8C15A5476000656807 /* btn_ok_normal.png */ = {isa = PBXFileReference; lastKnownFileType = image.png; path = btn_ok_normal.png; sourceTree = "<group>"; };
		CF773B8D15A5476000656807 /* btn_ok_pushed.png */ = {isa = PBXFileReference; lastKnownFileType = image.png; path = btn_ok_pushed.png; sourceTree = "<group>"; };
		CF788C9F15A44C16006F4CBC /* ok_1.png */ = {isa = PBXFileReference; lastKnownFileType = image.png; path = ok_1.png; sourceTree = "<group>"; };
		CF788CA015A44C16006F4CBC /* ok_2.png */ = {isa = PBXFileReference; lastKnownFileType = image.png; path = ok_2.png; sourceTree = "<group>"; };
		CF788CA315A454C5006F4CBC /* paper.png */ = {isa = PBXFileReference; lastKnownFileType = image.png; path = paper.png; sourceTree = "<group>"; };
		CF78A1E11581F84C00F7AD77 /* GlobalWork.h */ = {isa = PBXFileReference; fileEncoding = 4; lastKnownFileType = sourcecode.c.h; path = GlobalWork.h; sourceTree = "<group>"; };
		CF78A1E21581F84C00F7AD77 /* GlobalWork.m */ = {isa = PBXFileReference; fileEncoding = 4; lastKnownFileType = sourcecode.c.objc; path = GlobalWork.m; sourceTree = "<group>"; };
		CF78A1E51582008400F7AD77 /* ChallengeEndStage.h */ = {isa = PBXFileReference; fileEncoding = 4; lastKnownFileType = sourcecode.c.h; path = ChallengeEndStage.h; sourceTree = "<group>"; };
		CF78A1E61582008400F7AD77 /* ChallengeEndStage.m */ = {isa = PBXFileReference; fileEncoding = 4; lastKnownFileType = sourcecode.c.objc; path = ChallengeEndStage.m; sourceTree = "<group>"; };
		CF78A1E71582008400F7AD77 /* ChallengeEndStage.xib */ = {isa = PBXFileReference; fileEncoding = 4; lastKnownFileType = file.xib; path = ChallengeEndStage.xib; sourceTree = "<group>"; };
		CF7BB024158082C4004276AF /* icon_free_57.png */ = {isa = PBXFileReference; lastKnownFileType = image.png; path = icon_free_57.png; sourceTree = "<group>"; };
		CF7BB0721580B620004276AF /* close.png */ = {isa = PBXFileReference; lastKnownFileType = image.png; name = close.png; path = "facebook-ios-sdk/FBDialog.bundle/images/close.png"; sourceTree = "<group>"; };
		CF7BB346157C705900E4EBEE /* GameStage.h */ = {isa = PBXFileReference; fileEncoding = 4; lastKnownFileType = sourcecode.c.h; path = GameStage.h; sourceTree = "<group>"; };
		CF7BB347157C705900E4EBEE /* GameStage.m */ = {isa = PBXFileReference; fileEncoding = 4; lastKnownFileType = sourcecode.c.objc; path = GameStage.m; sourceTree = "<group>"; };
		CF7BB348157C705900E4EBEE /* GameStage.xib */ = {isa = PBXFileReference; fileEncoding = 4; lastKnownFileType = file.xib; path = GameStage.xib; sourceTree = "<group>"; };
		CF7BCF6515918A130090BE5E /* NPResources_iPad_iPhone_Landscape.bundle */ = {isa = PBXFileReference; lastKnownFileType = "wrapper.plug-in"; path = NPResources_iPad_iPhone_Landscape.bundle; sourceTree = "<group>"; };
		CF7BCF6615918A130090BE5E /* NPResources_iPad_iPhone_Portrait.bundle */ = {isa = PBXFileReference; lastKnownFileType = "wrapper.plug-in"; path = NPResources_iPad_iPhone_Portrait.bundle; sourceTree = "<group>"; };
		CF7BCF6715918A130090BE5E /* NPResources_iPad.bundle */ = {isa = PBXFileReference; lastKnownFileType = "wrapper.plug-in"; path = NPResources_iPad.bundle; sourceTree = "<group>"; };
		CF7BCF6815918A130090BE5E /* NPResources_iPhone_Landscape.bundle */ = {isa = PBXFileReference; lastKnownFileType = "wrapper.plug-in"; path = NPResources_iPhone_Landscape.bundle; sourceTree = "<group>"; };
		CF7BCF6915918A130090BE5E /* NPResources_iPhone_Portrait.bundle */ = {isa = PBXFileReference; lastKnownFileType = "wrapper.plug-in"; path = NPResources_iPhone_Portrait.bundle; sourceTree = "<group>"; };
		CF7BCF7315918D230090BE5E /* Nextpeer.framework */ = {isa = PBXFileReference; lastKnownFileType = wrapper.framework; path = Nextpeer.framework; sourceTree = "<group>"; };
		CF7BCF7A15918DBA0090BE5E /* StoreKit.framework */ = {isa = PBXFileReference; lastKnownFileType = wrapper.framework; name = StoreKit.framework; path = System/Library/Frameworks/StoreKit.framework; sourceTree = SDKROOT; };
		CF7BFF08157737A600B51DB9 /* ICON.png */ = {isa = PBXFileReference; lastKnownFileType = image.png; path = ICON.png; sourceTree = "<group>"; };
		CF7C526E1575C608008F929A /* iFingerErase.app */ = {isa = PBXFileReference; explicitFileType = wrapper.application; includeInIndex = 0; path = iFingerErase.app; sourceTree = BUILT_PRODUCTS_DIR; };
		CF7C52721575C608008F929A /* UIKit.framework */ = {isa = PBXFileReference; lastKnownFileType = wrapper.framework; name = UIKit.framework; path = System/Library/Frameworks/UIKit.framework; sourceTree = SDKROOT; };
		CF7C52741575C608008F929A /* Foundation.framework */ = {isa = PBXFileReference; lastKnownFileType = wrapper.framework; name = Foundation.framework; path = System/Library/Frameworks/Foundation.framework; sourceTree = SDKROOT; };
		CF7C52761575C608008F929A /* CoreGraphics.framework */ = {isa = PBXFileReference; lastKnownFileType = wrapper.framework; name = CoreGraphics.framework; path = System/Library/Frameworks/CoreGraphics.framework; sourceTree = SDKROOT; };
		CF7C527A1575C608008F929A /* iFingerErase-Info.plist */ = {isa = PBXFileReference; lastKnownFileType = text.plist.xml; path = "iFingerErase-Info.plist"; sourceTree = "<group>"; };
		CF7C527C1575C608008F929A /* en */ = {isa = PBXFileReference; lastKnownFileType = text.plist.strings; name = en; path = en.lproj/InfoPlist.strings; sourceTree = "<group>"; };
		CF7C527E1575C608008F929A /* main.m */ = {isa = PBXFileReference; lastKnownFileType = sourcecode.c.objc; path = main.m; sourceTree = "<group>"; };
		CF7C52801575C608008F929A /* iFingerErase-Prefix.pch */ = {isa = PBXFileReference; lastKnownFileType = sourcecode.c.h; path = "iFingerErase-Prefix.pch"; sourceTree = "<group>"; };
		CF7C52811575C608008F929A /* AppDelegate.h */ = {isa = PBXFileReference; lastKnownFileType = sourcecode.c.h; path = AppDelegate.h; sourceTree = "<group>"; };
		CF7C52821575C608008F929A /* AppDelegate.m */ = {isa = PBXFileReference; lastKnownFileType = sourcecode.c.objc; path = AppDelegate.m; sourceTree = "<group>"; };
		CF7C52841575C608008F929A /* ViewController.h */ = {isa = PBXFileReference; lastKnownFileType = sourcecode.c.h; path = ViewController.h; sourceTree = "<group>"; };
		CF7C52851575C608008F929A /* ViewController.m */ = {isa = PBXFileReference; lastKnownFileType = sourcecode.c.objc; path = ViewController.m; sourceTree = "<group>"; };
		CF7C52881575C608008F929A /* en */ = {isa = PBXFileReference; lastKnownFileType = file.xib; name = en; path = en.lproj/ViewController.xib; sourceTree = "<group>"; };
		CF7C535215ABE57900D70936 /* CustomBadge.h */ = {isa = PBXFileReference; fileEncoding = 4; lastKnownFileType = sourcecode.c.h; path = CustomBadge.h; sourceTree = "<group>"; };
		CF7C535315ABE57900D70936 /* CustomBadge.m */ = {isa = PBXFileReference; fileEncoding = 4; lastKnownFileType = sourcecode.c.objc; path = CustomBadge.m; sourceTree = "<group>"; };
		CF7D389115AA8B3100A67260 /* btnPlayPush.png */ = {isa = PBXFileReference; lastKnownFileType = image.png; path = btnPlayPush.png; sourceTree = "<group>"; };
		CF7D389215AA8B3100A67260 /* btnRejectPush.png */ = {isa = PBXFileReference; lastKnownFileType = image.png; path = btnRejectPush.png; sourceTree = "<group>"; };
		CF7D389315AA8B3100A67260 /* btnAcceptPush.png */ = {isa = PBXFileReference; lastKnownFileType = image.png; path = btnAcceptPush.png; sourceTree = "<group>"; };
		CF7D389815AA8DF600A67260 /* waitPush.png */ = {isa = PBXFileReference; lastKnownFileType = image.png; path = waitPush.png; sourceTree = "<group>"; };
		CF7D389915AA8DF600A67260 /* wait.png */ = {isa = PBXFileReference; lastKnownFileType = image.png; path = wait.png; sourceTree = "<group>"; };
		CF7D389C15AAE0E000A67260 /* InviteFriends.h */ = {isa = PBXFileReference; fileEncoding = 4; lastKnownFileType = sourcecode.c.h; path = InviteFriends.h; sourceTree = "<group>"; };
		CF7D389D15AAE0E000A67260 /* InviteFriends.m */ = {isa = PBXFileReference; fileEncoding = 4; lastKnownFileType = sourcecode.c.objc; path = InviteFriends.m; sourceTree = "<group>"; };
		CF7D389E15AAE0E000A67260 /* InviteFriends.xib */ = {isa = PBXFileReference; fileEncoding = 4; lastKnownFileType = file.xib; path = InviteFriends.xib; sourceTree = "<group>"; };
		CF7D38A115AAEFCB00A67260 /* bgHistory.png */ = {isa = PBXFileReference; lastKnownFileType = image.png; path = bgHistory.png; sourceTree = "<group>"; };
		CF7E51BF15870FD9005FC5B3 /* ChallengeStage.h */ = {isa = PBXFileReference; fileEncoding = 4; lastKnownFileType = sourcecode.c.h; path = ChallengeStage.h; sourceTree = "<group>"; };
		CF7E51C015870FD9005FC5B3 /* ChallengeStage.m */ = {isa = PBXFileReference; fileEncoding = 4; lastKnownFileType = sourcecode.c.objc; path = ChallengeStage.m; sourceTree = "<group>"; };
		CF7E51C115870FD9005FC5B3 /* ChallengeStage.xib */ = {isa = PBXFileReference; fileEncoding = 4; lastKnownFileType = file.xib; path = ChallengeStage.xib; sourceTree = "<group>"; };
		CF80C899157F4B5700E502D7 /* EndStage.h */ = {isa = PBXFileReference; fileEncoding = 4; lastKnownFileType = sourcecode.c.h; path = EndStage.h; sourceTree = "<group>"; };
		CF80C89A157F4B5700E502D7 /* EndStage.m */ = {isa = PBXFileReference; fileEncoding = 4; lastKnownFileType = sourcecode.c.objc; path = EndStage.m; sourceTree = "<group>"; };
		CF80C89B157F4B5700E502D7 /* EndStage.xib */ = {isa = PBXFileReference; fileEncoding = 4; lastKnownFileType = file.xib; path = EndStage.xib; sourceTree = "<group>"; };
		CF80DF1D157DBB8800E5F2C0 /* CanvasView.h */ = {isa = PBXFileReference; fileEncoding = 4; lastKnownFileType = sourcecode.c.h; path = CanvasView.h; sourceTree = "<group>"; };
		CF80DF1E157DBB8800E5F2C0 /* CanvasView.m */ = {isa = PBXFileReference; fileEncoding = 4; lastKnownFileType = sourcecode.c.objc; path = CanvasView.m; sourceTree = "<group>"; };
		CF80DF28157E062500E5F2C0 /* AudioToolbox.framework */ = {isa = PBXFileReference; lastKnownFileType = wrapper.framework; name = AudioToolbox.framework; path = System/Library/Frameworks/AudioToolbox.framework; sourceTree = SDKROOT; };
		CF80DF2A157E064F00E5F2C0 /* libz.1.1.3.dylib */ = {isa = PBXFileReference; lastKnownFileType = "compiled.mach-o.dylib"; name = libz.1.1.3.dylib; path = usr/lib/libz.1.1.3.dylib; sourceTree = SDKROOT; };
		CF80DF2C157E06DF00E5F2C0 /* Parse.framework */ = {isa = PBXFileReference; lastKnownFileType = wrapper.framework; path = Parse.framework; sourceTree = "<group>"; };
		CF80DF2F157E094B00E5F2C0 /* Facebook.h */ = {isa = PBXFileReference; fileEncoding = 4; lastKnownFileType = sourcecode.c.h; path = Facebook.h; sourceTree = "<group>"; };
		CF80DF30157E094B00E5F2C0 /* FBConnect.h */ = {isa = PBXFileReference; fileEncoding = 4; lastKnownFileType = sourcecode.c.h; path = FBConnect.h; sourceTree = "<group>"; };
		CF80DF31157E094B00E5F2C0 /* FBDialog.bundle */ = {isa = PBXFileReference; lastKnownFileType = "wrapper.plug-in"; path = FBDialog.bundle; sourceTree = "<group>"; };
		CF80DF32157E094B00E5F2C0 /* FBDialog.h */ = {isa = PBXFileReference; fileEncoding = 4; lastKnownFileType = sourcecode.c.h; path = FBDialog.h; sourceTree = "<group>"; };
		CF80DF33157E094B00E5F2C0 /* FBFrictionlessRequestSettings.h */ = {isa = PBXFileReference; fileEncoding = 4; lastKnownFileType = sourcecode.c.h; path = FBFrictionlessRequestSettings.h; sourceTree = "<group>"; };
		CF80DF34157E094B00E5F2C0 /* FBLoginDialog.h */ = {isa = PBXFileReference; fileEncoding = 4; lastKnownFileType = sourcecode.c.h; path = FBLoginDialog.h; sourceTree = "<group>"; };
		CF80DF35157E094B00E5F2C0 /* FBRequest.h */ = {isa = PBXFileReference; fileEncoding = 4; lastKnownFileType = sourcecode.c.h; path = FBRequest.h; sourceTree = "<group>"; };
		CF80DF36157E094B00E5F2C0 /* JSON.h */ = {isa = PBXFileReference; fileEncoding = 4; lastKnownFileType = sourcecode.c.h; path = JSON.h; sourceTree = "<group>"; };
		CF80DF37157E094B00E5F2C0 /* libfacebook_ios_sdk.a */ = {isa = PBXFileReference; lastKnownFileType = archive.ar; name = libfacebook_ios_sdk.a; path = "facebook-ios-sdk/libfacebook_ios_sdk.a"; sourceTree = "<group>"; };
		CF80DF38157E094B00E5F2C0 /* NSObject+SBJSON.h */ = {isa = PBXFileReference; fileEncoding = 4; lastKnownFileType = sourcecode.c.h; path = "NSObject+SBJSON.h"; sourceTree = "<group>"; };
		CF80DF39157E094B00E5F2C0 /* NSString+SBJSON.h */ = {isa = PBXFileReference; fileEncoding = 4; lastKnownFileType = sourcecode.c.h; path = "NSString+SBJSON.h"; sourceTree = "<group>"; };
		CF80DF3A157E094B00E5F2C0 /* SBJSON.h */ = {isa = PBXFileReference; fileEncoding = 4; lastKnownFileType = sourcecode.c.h; path = SBJSON.h; sourceTree = "<group>"; };
		CF80DF3B157E094B00E5F2C0 /* SBJsonBase.h */ = {isa = PBXFileReference; fileEncoding = 4; lastKnownFileType = sourcecode.c.h; path = SBJsonBase.h; sourceTree = "<group>"; };
		CF80DF3C157E094B00E5F2C0 /* SBJsonParser.h */ = {isa = PBXFileReference; fileEncoding = 4; lastKnownFileType = sourcecode.c.h; path = SBJsonParser.h; sourceTree = "<group>"; };
		CF80DF3D157E094B00E5F2C0 /* SBJsonWriter.h */ = {isa = PBXFileReference; fileEncoding = 4; lastKnownFileType = sourcecode.c.h; path = SBJsonWriter.h; sourceTree = "<group>"; };
		CF80DF41157E0B9900E5F2C0 /* FacebookData.m */ = {isa = PBXFileReference; fileEncoding = 4; lastKnownFileType = sourcecode.c.objc; path = FacebookData.m; sourceTree = "<group>"; };
		CF80DF42157E0B9900E5F2C0 /* FacebookManager.h */ = {isa = PBXFileReference; fileEncoding = 4; lastKnownFileType = sourcecode.c.h; path = FacebookManager.h; sourceTree = "<group>"; };
		CF80DF43157E0B9900E5F2C0 /* FacebookData.h */ = {isa = PBXFileReference; fileEncoding = 4; lastKnownFileType = sourcecode.c.h; path = FacebookData.h; sourceTree = "<group>"; };
		CF80DF44157E0B9900E5F2C0 /* FBLeaderboard.h */ = {isa = PBXFileReference; fileEncoding = 4; lastKnownFileType = sourcecode.c.h; path = FBLeaderboard.h; sourceTree = "<group>"; };
		CF80DF45157E0B9900E5F2C0 /* FacebookManager.m */ = {isa = PBXFileReference; fileEncoding = 4; lastKnownFileType = sourcecode.c.objc; path = FacebookManager.m; sourceTree = "<group>"; };
		CF80DF46157E0B9900E5F2C0 /* FBLeaderboard.m */ = {isa = PBXFileReference; fileEncoding = 4; lastKnownFileType = sourcecode.c.objc; path = FBLeaderboard.m; sourceTree = "<group>"; };
		CF80DF4A157E181300E5F2C0 /* Default.png */ = {isa = PBXFileReference; lastKnownFileType = image.png; path = Default.png; sourceTree = "<group>"; };
		CF81886115932BAA005F840A /* ChallengeCellView.h */ = {isa = PBXFileReference; fileEncoding = 4; lastKnownFileType = sourcecode.c.h; path = ChallengeCellView.h; sourceTree = "<group>"; };
		CF81886215932BAB005F840A /* ChallengeCellView.m */ = {isa = PBXFileReference; fileEncoding = 4; lastKnownFileType = sourcecode.c.objc; path = ChallengeCellView.m; sourceTree = "<group>"; };
		CF81886415932BC3005F840A /* ChallengeCellView.xib */ = {isa = PBXFileReference; fileEncoding = 4; lastKnownFileType = file.xib; path = ChallengeCellView.xib; sourceTree = "<group>"; };
/* End PBXFileReference section */

/* Begin PBXFrameworksBuildPhase section */
		CF7C526B1575C608008F929A /* Frameworks */ = {
			isa = PBXFrameworksBuildPhase;
			buildActionMask = 2147483647;
			files = (
				CF7BCF7B15918DBA0090BE5E /* StoreKit.framework in Frameworks */,
				CF55A1891575D6B40055F5CA /* Security.framework in Frameworks */,
				CF80DF2B157E064F00E5F2C0 /* libz.1.1.3.dylib in Frameworks */,
				CF55A1931575D7240055F5CA /* CFNetwork.framework in Frameworks */,
				CF80DF29157E062500E5F2C0 /* AudioToolbox.framework in Frameworks */,
				CF55A1971575D7360055F5CA /* QuartzCore.framework in Frameworks */,
				CF55A1951575D72D0055F5CA /* MessageUI.framework in Frameworks */,
				CF55A1911575D71C0055F5CA /* SystemConfiguration.framework in Frameworks */,
				CF55A18F1575D7120055F5CA /* MobileCoreServices.framework in Frameworks */,
				CF55A18D1575D6FE0055F5CA /* libsqlite3.0.dylib in Frameworks */,
				CF55A18B1575D6EB0055F5CA /* libz.dylib in Frameworks */,
				CF7C52731575C608008F929A /* UIKit.framework in Frameworks */,
				CF7C52751575C608008F929A /* Foundation.framework in Frameworks */,
				CF7C52771575C608008F929A /* CoreGraphics.framework in Frameworks */,
				CF80DF2D157E06DF00E5F2C0 /* Parse.framework in Frameworks */,
				CF80DF3F157E094B00E5F2C0 /* libfacebook_ios_sdk.a in Frameworks */,
				CF7BCF7415918D230090BE5E /* Nextpeer.framework in Frameworks */,
			);
			runOnlyForDeploymentPostprocessing = 0;
		};
/* End PBXFrameworksBuildPhase section */

/* Begin PBXGroup section */
		CF7615BA159D7C6000B1CF4D /* ChallengeUIViews */ = {
			isa = PBXGroup;
			children = (
				CF743C8315A30E3E00306D99 /* ChallengeHistory.h */,
				CF743C8415A30E3E00306D99 /* ChallengeHistory.m */,
				CF743C8515A30E3E00306D99 /* ChallengeHistory.xib */,
				CF7D389C15AAE0E000A67260 /* InviteFriends.h */,
				CF7D389D15AAE0E000A67260 /* InviteFriends.m */,
				CF7D389E15AAE0E000A67260 /* InviteFriends.xib */,
			);
			name = ChallengeUIViews;
			sourceTree = "<group>";
		};
		CF7BCF64159189FE0090BE5E /* Resource */ = {
			isa = PBXGroup;
			children = (
				CF7D38A115AAEFCB00A67260 /* bgHistory.png */,
				CF7D389815AA8DF600A67260 /* waitPush.png */,
				CF7D389915AA8DF600A67260 /* wait.png */,
				CF7D389115AA8B3100A67260 /* btnPlayPush.png */,
				CF7D389215AA8B3100A67260 /* btnRejectPush.png */,
				CF7D389315AA8B3100A67260 /* btnAcceptPush.png */,
				CF0E7F9E15A6FBD60070F5D9 /* btnAccept.png */,
				CF0E7F9A15A6FBB20070F5D9 /* btnPlay.png */,
				CF0E7F9B15A6FBB20070F5D9 /* btnReject.png */,
				CF773B8C15A5476000656807 /* btn_ok_normal.png */,
				CF773B8D15A5476000656807 /* btn_ok_pushed.png */,
				CF773B8815A5457000656807 /* wgt_stef_failed.png */,
				CF773B8915A5457000656807 /* wgt_stef_succeed.png */,
				CF773B7C15A544A400656807 /* btn_facebook_normal.png */,
				CF773B7D15A544A400656807 /* btn_facebook_pushed.png */,
				CF773B7E15A544A400656807 /* btn_twitter_normal.png */,
				CF773B7F15A544A400656807 /* btn_twitter_pushed.png */,
				CF788CA315A454C5006F4CBC /* paper.png */,
				CF788C9F15A44C16006F4CBC /* ok_1.png */,
				CF788CA015A44C16006F4CBC /* ok_2.png */,
				CF743C7415A2E8CD00306D99 /* eye.png */,
				CF7BCF6515918A130090BE5E /* NPResources_iPad_iPhone_Landscape.bundle */,
				CF7BCF6615918A130090BE5E /* NPResources_iPad_iPhone_Portrait.bundle */,
				CF7BCF6715918A130090BE5E /* NPResources_iPad.bundle */,
				CF7BCF6815918A130090BE5E /* NPResources_iPhone_Landscape.bundle */,
				CF7BCF6915918A130090BE5E /* NPResources_iPhone_Portrait.bundle */,
				CF7BB0721580B620004276AF /* close.png */,
				CF743C7215A2E57900306D99 /* close@2x.png */,
				CF7BB024158082C4004276AF /* icon_free_57.png */,
				CF80DF4A157E181300E5F2C0 /* Default.png */,
				CF7BFF08157737A600B51DB9 /* ICON.png */,
				CF1DE46115A17A4900D82808 /* btn_fbconnect_normal.png */,
				CF1DE46215A17A4900D82808 /* btn_fbconnect_pushed.png */,
			);
			name = Resource;
			sourceTree = "<group>";
		};
		CF7C52631575C608008F929A = {
			isa = PBXGroup;
			children = (
				CF7BCF64159189FE0090BE5E /* Resource */,
				CF80DF2E157E094B00E5F2C0 /* facebook-ios-sdk */,
				CF7C52781575C608008F929A /* NextpeerTest */,
				CF7C52711575C608008F929A /* Frameworks */,
				CF7C526F1575C608008F929A /* Products */,
			);
			sourceTree = "<group>";
		};
		CF7C526F1575C608008F929A /* Products */ = {
			isa = PBXGroup;
			children = (
				CF7C526E1575C608008F929A /* iFingerErase.app */,
			);
			name = Products;
			sourceTree = "<group>";
		};
		CF7C52711575C608008F929A /* Frameworks */ = {
			isa = PBXGroup;
			children = (
				CF7BCF7A15918DBA0090BE5E /* StoreKit.framework */,
				CF7BCF7315918D230090BE5E /* Nextpeer.framework */,
				CF80DF37157E094B00E5F2C0 /* libfacebook_ios_sdk.a */,
				CF80DF2C157E06DF00E5F2C0 /* Parse.framework */,
				CF80DF2A157E064F00E5F2C0 /* libz.1.1.3.dylib */,
				CF80DF28157E062500E5F2C0 /* AudioToolbox.framework */,
				CF55A1961575D7360055F5CA /* QuartzCore.framework */,
				CF55A1941575D72D0055F5CA /* MessageUI.framework */,
				CF55A1921575D7240055F5CA /* CFNetwork.framework */,
				CF55A1901575D71C0055F5CA /* SystemConfiguration.framework */,
				CF55A18E1575D7120055F5CA /* MobileCoreServices.framework */,
				CF55A18C1575D6FE0055F5CA /* libsqlite3.0.dylib */,
				CF55A18A1575D6EB0055F5CA /* libz.dylib */,
				CF55A1881575D6B40055F5CA /* Security.framework */,
				CF7C52721575C608008F929A /* UIKit.framework */,
				CF7C52741575C608008F929A /* Foundation.framework */,
				CF7C52761575C608008F929A /* CoreGraphics.framework */,
			);
			name = Frameworks;
			sourceTree = "<group>";
		};
		CF7C52781575C608008F929A /* NextpeerTest */ = {
			isa = PBXGroup;
			children = (
				CF7C535215ABE57900D70936 /* CustomBadge.h */,
				CF7C535315ABE57900D70936 /* CustomBadge.m */,
				CF7615BA159D7C6000B1CF4D /* ChallengeUIViews */,
				CF7E51C515870FF9005FC5B3 /* Stages */,
				CF80DF40157E0B8800E5F2C0 /* Facebook */,
				CF80DF1D157DBB8800E5F2C0 /* CanvasView.h */,
				CF80DF1E157DBB8800E5F2C0 /* CanvasView.m */,
				CF78A1E11581F84C00F7AD77 /* GlobalWork.h */,
				CF78A1E21581F84C00F7AD77 /* GlobalWork.m */,
				CF743C7615A2F2BF00306D99 /* Utility.h */,
				CF743C7715A2F2BF00306D99 /* Utility.m */,
				CF7C52811575C608008F929A /* AppDelegate.h */,
				CF7C52821575C608008F929A /* AppDelegate.m */,
				CF7C52841575C608008F929A /* ViewController.h */,
				CF7C52851575C608008F929A /* ViewController.m */,
				CF7C52871575C608008F929A /* ViewController.xib */,
				CF4D29C91585C2A40035D95E /* ChallengeCenter.h */,
				CF4D29CA1585C2A40035D95E /* ChallengeCenter.m */,
				CF81886115932BAA005F840A /* ChallengeCellView.h */,
				CF81886215932BAB005F840A /* ChallengeCellView.m */,
				CF81886415932BC3005F840A /* ChallengeCellView.xib */,
				CF7C52791575C608008F929A /* Supporting Files */,
			);
			path = NextpeerTest;
			sourceTree = "<group>";
		};
		CF7C52791575C608008F929A /* Supporting Files */ = {
			isa = PBXGroup;
			children = (
				CF7C527A1575C608008F929A /* iFingerErase-Info.plist */,
				CF7C527B1575C608008F929A /* InfoPlist.strings */,
				CF7C527E1575C608008F929A /* main.m */,
				CF7C52801575C608008F929A /* iFingerErase-Prefix.pch */,
			);
			name = "Supporting Files";
			sourceTree = "<group>";
		};
		CF7E51C515870FF9005FC5B3 /* Stages */ = {
			isa = PBXGroup;
			children = (
				CF73533215A15CA200884234 /* ChallengeNavStage.h */,
				CF73533315A15CA200884234 /* ChallengeNavStage.m */,
				CF7E51BF15870FD9005FC5B3 /* ChallengeStage.h */,
				CF7E51C015870FD9005FC5B3 /* ChallengeStage.m */,
				CF7E51C115870FD9005FC5B3 /* ChallengeStage.xib */,
				CF78A1E51582008400F7AD77 /* ChallengeEndStage.h */,
				CF78A1E61582008400F7AD77 /* ChallengeEndStage.m */,
				CF78A1E71582008400F7AD77 /* ChallengeEndStage.xib */,
				CF7BB346157C705900E4EBEE /* GameStage.h */,
				CF7BB347157C705900E4EBEE /* GameStage.m */,
				CF7BB348157C705900E4EBEE /* GameStage.xib */,
				CF80C899157F4B5700E502D7 /* EndStage.h */,
				CF80C89A157F4B5700E502D7 /* EndStage.m */,
				CF80C89B157F4B5700E502D7 /* EndStage.xib */,
				CF773B7115A5441600656807 /* ChallengeWin.h */,
				CF773B7215A5441600656807 /* ChallengeWin.m */,
				CF773B7315A5441600656807 /* ChallengeWin.xib */,
				CF773B7715A5442B00656807 /* ChallengeLose.h */,
				CF773B7815A5442B00656807 /* ChallengeLose.m */,
				CF773B7915A5442B00656807 /* ChallengeLose.xib */,
			);
			name = Stages;
			sourceTree = "<group>";
		};
		CF80DF2E157E094B00E5F2C0 /* facebook-ios-sdk */ = {
			isa = PBXGroup;
			children = (
				CF80DF2F157E094B00E5F2C0 /* Facebook.h */,
				CF80DF30157E094B00E5F2C0 /* FBConnect.h */,
				CF80DF31157E094B00E5F2C0 /* FBDialog.bundle */,
				CF80DF32157E094B00E5F2C0 /* FBDialog.h */,
				CF80DF33157E094B00E5F2C0 /* FBFrictionlessRequestSettings.h */,
				CF80DF34157E094B00E5F2C0 /* FBLoginDialog.h */,
				CF80DF35157E094B00E5F2C0 /* FBRequest.h */,
				CF80DF36157E094B00E5F2C0 /* JSON.h */,
				CF80DF38157E094B00E5F2C0 /* NSObject+SBJSON.h */,
				CF80DF39157E094B00E5F2C0 /* NSString+SBJSON.h */,
				CF80DF3A157E094B00E5F2C0 /* SBJSON.h */,
				CF80DF3B157E094B00E5F2C0 /* SBJsonBase.h */,
				CF80DF3C157E094B00E5F2C0 /* SBJsonParser.h */,
				CF80DF3D157E094B00E5F2C0 /* SBJsonWriter.h */,
			);
			path = "facebook-ios-sdk";
			sourceTree = "<group>";
		};
		CF80DF40157E0B8800E5F2C0 /* Facebook */ = {
			isa = PBXGroup;
			children = (
				CF80DF43157E0B9900E5F2C0 /* FacebookData.h */,
				CF80DF41157E0B9900E5F2C0 /* FacebookData.m */,
				CF80DF42157E0B9900E5F2C0 /* FacebookManager.h */,
				CF80DF45157E0B9900E5F2C0 /* FacebookManager.m */,
				CF80DF44157E0B9900E5F2C0 /* FBLeaderboard.h */,
				CF80DF46157E0B9900E5F2C0 /* FBLeaderboard.m */,
			);
			name = Facebook;
			sourceTree = "<group>";
		};
/* End PBXGroup section */

/* Begin PBXNativeTarget section */
		CF7C526D1575C608008F929A /* iFingerErase */ = {
			isa = PBXNativeTarget;
			buildConfigurationList = CF7C528C1575C608008F929A /* Build configuration list for PBXNativeTarget "iFingerErase" */;
			buildPhases = (
				CF7C526A1575C608008F929A /* Sources */,
				CF7C526B1575C608008F929A /* Frameworks */,
				CF7C526C1575C608008F929A /* Resources */,
			);
			buildRules = (
			);
			dependencies = (
			);
			name = iFingerErase;
			productName = NextpeerTest;
			productReference = CF7C526E1575C608008F929A /* iFingerErase.app */;
			productType = "com.apple.product-type.application";
		};
/* End PBXNativeTarget section */

/* Begin PBXProject section */
		CF7C52651575C608008F929A /* Project object */ = {
			isa = PBXProject;
			attributes = {
				LastUpgradeCheck = 0430;
			};
			buildConfigurationList = CF7C52681575C608008F929A /* Build configuration list for PBXProject "iFingerErase" */;
			compatibilityVersion = "Xcode 3.2";
			developmentRegion = English;
			hasScannedForEncodings = 0;
			knownRegions = (
				en,
			);
			mainGroup = CF7C52631575C608008F929A;
			productRefGroup = CF7C526F1575C608008F929A /* Products */;
			projectDirPath = "";
			projectRoot = "";
			targets = (
				CF7C526D1575C608008F929A /* iFingerErase */,
			);
		};
/* End PBXProject section */

/* Begin PBXResourcesBuildPhase section */
		CF7C526C1575C608008F929A /* Resources */ = {
			isa = PBXResourcesBuildPhase;
			buildActionMask = 2147483647;
			files = (
				CF7C527D1575C608008F929A /* InfoPlist.strings in Resources */,
				CF7C52891575C608008F929A /* ViewController.xib in Resources */,
				CF7BFF09157737A600B51DB9 /* ICON.png in Resources */,
				CF7BB34A157C705900E4EBEE /* GameStage.xib in Resources */,
				CF80DF3E157E094B00E5F2C0 /* FBDialog.bundle in Resources */,
				CF80DF4B157E181300E5F2C0 /* Default.png in Resources */,
				CF80C89D157F4B5800E502D7 /* EndStage.xib in Resources */,
				CF7BB025158082C4004276AF /* icon_free_57.png in Resources */,
				CF7BB0731580B620004276AF /* close.png in Resources */,
				CF78A1E91582008400F7AD77 /* ChallengeEndStage.xib in Resources */,
				CF7E51C315870FD9005FC5B3 /* ChallengeStage.xib in Resources */,
				CF7BCF6A15918A130090BE5E /* NPResources_iPad_iPhone_Landscape.bundle in Resources */,
				CF7BCF6B15918A130090BE5E /* NPResources_iPad_iPhone_Portrait.bundle in Resources */,
				CF7BCF6C15918A130090BE5E /* NPResources_iPad.bundle in Resources */,
				CF7BCF6D15918A130090BE5E /* NPResources_iPhone_Landscape.bundle in Resources */,
				CF7BCF6E15918A130090BE5E /* NPResources_iPhone_Portrait.bundle in Resources */,
				CF81886515932BC3005F840A /* ChallengeCellView.xib in Resources */,
				CF1DE46315A17A4900D82808 /* btn_fbconnect_normal.png in Resources */,
				CF1DE46415A17A4900D82808 /* btn_fbconnect_pushed.png in Resources */,
				CF743C7315A2E57900306D99 /* close@2x.png in Resources */,
				CF743C7515A2E8CD00306D99 /* eye.png in Resources */,
				CF743C8715A30E3F00306D99 /* ChallengeHistory.xib in Resources */,
				CF788CA115A44C16006F4CBC /* ok_1.png in Resources */,
				CF788CA215A44C16006F4CBC /* ok_2.png in Resources */,
				CF788CA415A454C5006F4CBC /* paper.png in Resources */,
				CF773B7515A5441600656807 /* ChallengeWin.xib in Resources */,
				CF773B7B15A5442B00656807 /* ChallengeLose.xib in Resources */,
				CF773B8015A544A400656807 /* btn_facebook_normal.png in Resources */,
				CF773B8115A544A400656807 /* btn_facebook_pushed.png in Resources */,
				CF773B8215A544A400656807 /* btn_twitter_normal.png in Resources */,
				CF773B8315A544A400656807 /* btn_twitter_pushed.png in Resources */,
				CF773B8A15A5457000656807 /* wgt_stef_failed.png in Resources */,
				CF773B8B15A5457000656807 /* wgt_stef_succeed.png in Resources */,
				CF773B8E15A5476000656807 /* btn_ok_normal.png in Resources */,
				CF773B8F15A5476000656807 /* btn_ok_pushed.png in Resources */,
				CF0E7F9C15A6FBB20070F5D9 /* btnPlay.png in Resources */,
				CF0E7F9D15A6FBB20070F5D9 /* btnReject.png in Resources */,
				CF0E7F9F15A6FBD60070F5D9 /* btnAccept.png in Resources */,
				CF7D389415AA8B3100A67260 /* btnPlayPush.png in Resources */,
				CF7D389515AA8B3100A67260 /* btnRejectPush.png in Resources */,
				CF7D389615AA8B3100A67260 /* btnAcceptPush.png in Resources */,
				CF7D389A15AA8DF600A67260 /* waitPush.png in Resources */,
				CF7D389B15AA8DF600A67260 /* wait.png in Resources */,
				CF7D38A015AAE0E000A67260 /* InviteFriends.xib in Resources */,
				CF7D38A215AAEFCB00A67260 /* bgHistory.png in Resources */,
			);
			runOnlyForDeploymentPostprocessing = 0;
		};
/* End PBXResourcesBuildPhase section */

/* Begin PBXSourcesBuildPhase section */
		CF7C526A1575C608008F929A /* Sources */ = {
			isa = PBXSourcesBuildPhase;
			buildActionMask = 2147483647;
			files = (
				CF7C527F1575C608008F929A /* main.m in Sources */,
				CF7C52831575C608008F929A /* AppDelegate.m in Sources */,
				CF7C52861575C608008F929A /* ViewController.m in Sources */,
				CF7BB349157C705900E4EBEE /* GameStage.m in Sources */,
				CF80DF1F157DBB8800E5F2C0 /* CanvasView.m in Sources */,
				CF80DF47157E0B9900E5F2C0 /* FacebookData.m in Sources */,
				CF80DF48157E0B9900E5F2C0 /* FacebookManager.m in Sources */,
				CF80DF49157E0B9900E5F2C0 /* FBLeaderboard.m in Sources */,
				CF80C89C157F4B5800E502D7 /* EndStage.m in Sources */,
				CF78A1E31581F84C00F7AD77 /* GlobalWork.m in Sources */,
				CF78A1E81582008400F7AD77 /* ChallengeEndStage.m in Sources */,
				CF4D29CB1585C2A40035D95E /* ChallengeCenter.m in Sources */,
				CF7E51C215870FD9005FC5B3 /* ChallengeStage.m in Sources */,
				CF81886315932BAB005F840A /* ChallengeCellView.m in Sources */,
				CF73533415A15CA200884234 /* ChallengeNavStage.m in Sources */,
				CF743C7815A2F2BF00306D99 /* Utility.m in Sources */,
				CF743C8615A30E3F00306D99 /* ChallengeHistory.m in Sources */,
				CF773B7415A5441600656807 /* ChallengeWin.m in Sources */,
				CF773B7A15A5442B00656807 /* ChallengeLose.m in Sources */,
				CF7D389F15AAE0E000A67260 /* InviteFriends.m in Sources */,
				CF7C535415ABE57900D70936 /* CustomBadge.m in Sources */,
			);
			runOnlyForDeploymentPostprocessing = 0;
		};
/* End PBXSourcesBuildPhase section */

/* Begin PBXVariantGroup section */
		CF7C527B1575C608008F929A /* InfoPlist.strings */ = {
			isa = PBXVariantGroup;
			children = (
				CF7C527C1575C608008F929A /* en */,
			);
			name = InfoPlist.strings;
			sourceTree = "<group>";
		};
		CF7C52871575C608008F929A /* ViewController.xib */ = {
			isa = PBXVariantGroup;
			children = (
				CF7C52881575C608008F929A /* en */,
			);
			name = ViewController.xib;
			sourceTree = "<group>";
		};
/* End PBXVariantGroup section */

/* Begin XCBuildConfiguration section */
		CF7C528A1575C608008F929A /* Debug */ = {
			isa = XCBuildConfiguration;
			buildSettings = {
				ALWAYS_SEARCH_USER_PATHS = NO;
				ARCHS = "$(ARCHS_STANDARD_32_BIT)";
				"CODE_SIGN_IDENTITY[sdk=iphoneos*]" = "iPhone Developer";
				COPY_PHASE_STRIP = NO;
				GCC_C_LANGUAGE_STANDARD = gnu99;
				GCC_DYNAMIC_NO_PIC = NO;
				GCC_OPTIMIZATION_LEVEL = 0;
				GCC_PREPROCESSOR_DEFINITIONS = (
					"DEBUG=1",
					"$(inherited)",
				);
				GCC_SYMBOLS_PRIVATE_EXTERN = NO;
				GCC_VERSION = com.apple.compilers.llvm.clang.1_0;
				GCC_WARN_ABOUT_RETURN_TYPE = YES;
				GCC_WARN_UNINITIALIZED_AUTOS = YES;
				GCC_WARN_UNUSED_VARIABLE = YES;
				IPHONEOS_DEPLOYMENT_TARGET = 5.1;
				SDKROOT = iphoneos;
			};
			name = Debug;
		};
		CF7C528B1575C608008F929A /* Release */ = {
			isa = XCBuildConfiguration;
			buildSettings = {
				ALWAYS_SEARCH_USER_PATHS = NO;
				ARCHS = "$(ARCHS_STANDARD_32_BIT)";
				"CODE_SIGN_IDENTITY[sdk=iphoneos*]" = "iPhone Developer";
				COPY_PHASE_STRIP = YES;
				GCC_C_LANGUAGE_STANDARD = gnu99;
				GCC_VERSION = com.apple.compilers.llvm.clang.1_0;
				GCC_WARN_ABOUT_RETURN_TYPE = YES;
				GCC_WARN_UNINITIALIZED_AUTOS = YES;
				GCC_WARN_UNUSED_VARIABLE = YES;
				IPHONEOS_DEPLOYMENT_TARGET = 5.1;
				OTHER_CFLAGS = "-DNS_BLOCK_ASSERTIONS=1";
				SDKROOT = iphoneos;
				VALIDATE_PRODUCT = YES;
			};
			name = Release;
		};
		CF7C528D1575C608008F929A /* Debug */ = {
			isa = XCBuildConfiguration;
			buildSettings = {
				FRAMEWORK_SEARCH_PATHS = (
					"$(inherited)",
					"\"$(SRCROOT)\"",
					"\"$(SRCROOT)/Nextpeer.framework.v1.1.7\"",
				);
				GCC_PRECOMPILE_PREFIX_HEADER = YES;
				GCC_PREFIX_HEADER = "NextpeerTest/iFingerErase-Prefix.pch";
				INFOPLIST_FILE = "NextpeerTest/iFingerErase-Info.plist";
				IPHONEOS_DEPLOYMENT_TARGET = 4.3;
				LIBRARY_SEARCH_PATHS = (
					"$(inherited)",
					"\"$(SRCROOT)/facebook-ios-sdk\"",
					"\"$(SRCROOT)\"",
				);
				OTHER_LDFLAGS = (
					"-ObjC",
					"-all_load",
				);
				PRODUCT_NAME = iFingerErase;
				WRAPPER_EXTENSION = app;
			};
			name = Debug;
		};
		CF7C528E1575C608008F929A /* Release */ = {
			isa = XCBuildConfiguration;
			buildSettings = {
				FRAMEWORK_SEARCH_PATHS = (
					"$(inherited)",
					"\"$(SRCROOT)\"",
					"\"$(SRCROOT)/Nextpeer.framework.v1.1.7\"",
				);
				GCC_PRECOMPILE_PREFIX_HEADER = YES;
				GCC_PREFIX_HEADER = "NextpeerTest/iFingerErase-Prefix.pch";
				INFOPLIST_FILE = "NextpeerTest/iFingerErase-Info.plist";
				IPHONEOS_DEPLOYMENT_TARGET = 4.3;
				LIBRARY_SEARCH_PATHS = (
					"$(inherited)",
					"\"$(SRCROOT)/facebook-ios-sdk\"",
					"\"$(SRCROOT)\"",
				);
				OTHER_LDFLAGS = (
					"-ObjC",
					"-all_load",
				);
				PRODUCT_NAME = iFingerErase;
				WRAPPER_EXTENSION = app;
			};
			name = Release;
		};
/* End XCBuildConfiguration section */

/* Begin XCConfigurationList section */
		CF7C52681575C608008F929A /* Build configuration list for PBXProject "iFingerErase" */ = {
			isa = XCConfigurationList;
			buildConfigurations = (
				CF7C528A1575C608008F929A /* Debug */,
				CF7C528B1575C608008F929A /* Release */,
			);
			defaultConfigurationIsVisible = 0;
			defaultConfigurationName = Release;
		};
		CF7C528C1575C608008F929A /* Build configuration list for PBXNativeTarget "iFingerErase" */ = {
			isa = XCConfigurationList;
			buildConfigurations = (
				CF7C528D1575C608008F929A /* Debug */,
				CF7C528E1575C608008F929A /* Release */,
			);
			defaultConfigurationIsVisible = 0;
			defaultConfigurationName = Release;
		};
/* End XCConfigurationList section */
	};
	rootObject = CF7C52651575C608008F929A /* Project object */;
}
